// !$*UTF8*$!
{
	archiveVersion = 1;
	classes = {
	};
	objectVersion = 46;
	objects = {

/* Begin PBXBuildFile section */
		2C772EB11AE141D000974536 /* Settings.bundle in Resources */ = {isa = PBXBuildFile; fileRef = 2C772EB01AE141D000974536 /* Settings.bundle */; };
		2C772EB51AE34E4800974536 /* beep_short.aiff in Resources */ = {isa = PBXBuildFile; fileRef = 2C772EB21AE34E4800974536 /* beep_short.aiff */; };
		2C772EB61AE34E4800974536 /* tick_fast.aiff in Resources */ = {isa = PBXBuildFile; fileRef = 2C772EB31AE34E4800974536 /* tick_fast.aiff */; };
		2C772EB71AE34E4800974536 /* tick_hurry.aiff in Resources */ = {isa = PBXBuildFile; fileRef = 2C772EB41AE34E4800974536 /* tick_hurry.aiff */; };
		2C772EBA1AE34E8200974536 /* bell_long.aiff in Resources */ = {isa = PBXBuildFile; fileRef = 2C772EB81AE34E8200974536 /* bell_long.aiff */; };
		2C772EBB1AE34E8200974536 /* bell_moderate.aiff in Resources */ = {isa = PBXBuildFile; fileRef = 2C772EB91AE34E8200974536 /* bell_moderate.aiff */; };
		2C772EBD1AE351F400974536 /* tick_second.aiff in Resources */ = {isa = PBXBuildFile; fileRef = 2C772EBC1AE351F400974536 /* tick_second.aiff */; };
		2C772EBF1AE3520A00974536 /* tick_medium.aiff in Resources */ = {isa = PBXBuildFile; fileRef = 2C772EBE1AE3520A00974536 /* tick_medium.aiff */; };
		2C97223D1ADBE9D8008D1671 /* AppDelegate.swift in Sources */ = {isa = PBXBuildFile; fileRef = 2C97223C1ADBE9D8008D1671 /* AppDelegate.swift */; };
		2C97223F1ADBE9D8008D1671 /* TaskViewController.swift in Sources */ = {isa = PBXBuildFile; fileRef = 2C97223E1ADBE9D8008D1671 /* TaskViewController.swift */; };
		2C9722421ADBE9D8008D1671 /* Main.storyboard in Resources */ = {isa = PBXBuildFile; fileRef = 2C9722401ADBE9D8008D1671 /* Main.storyboard */; };
		2C9722441ADBE9D8008D1671 /* AppImages.xcassets in Resources */ = {isa = PBXBuildFile; fileRef = 2C9722431ADBE9D8008D1671 /* AppImages.xcassets */; };
		2C9722471ADBE9D8008D1671 /* LaunchScreen.xib in Resources */ = {isa = PBXBuildFile; fileRef = 2C9722451ADBE9D8008D1671 /* LaunchScreen.xib */; };
		2C9722531ADBE9D8008D1671 /* PomoTimerBeginnerTests.swift in Sources */ = {isa = PBXBuildFile; fileRef = 2C9722521ADBE9D8008D1671 /* PomoTimerBeginnerTests.swift */; };
		2C97225D1ADBEAB0008D1671 /* Pomodoro.swift in Sources */ = {isa = PBXBuildFile; fileRef = 2C97225C1ADBEAB0008D1671 /* Pomodoro.swift */; };
		2C97225F1ADCCCA1008D1671 /* RoundButton.swift in Sources */ = {isa = PBXBuildFile; fileRef = 2C97225E1ADCCCA1008D1671 /* RoundButton.swift */; };
		2C97AD8E1AF4F14300C86819 /* CustomViews.xib in Resources */ = {isa = PBXBuildFile; fileRef = 2C97AD8C1AF4F14300C86819 /* CustomViews.xib */; };
		2CB40E911AF9F1FF00944B1C /* SettingsTableViewController.swift in Sources */ = {isa = PBXBuildFile; fileRef = 2CB40E901AF9F1FF00944B1C /* SettingsTableViewController.swift */; };
		2CB40E951AFA36C600944B1C /* Constants.swift in Sources */ = {isa = PBXBuildFile; fileRef = 2CB40E941AFA36C600944B1C /* Constants.swift */; };
		2CB40E971AFA3BEE00944B1C /* tick_break.caf in Resources */ = {isa = PBXBuildFile; fileRef = 2CB40E961AFA3BEE00944B1C /* tick_break.caf */; };
		2CC2356A1AF5EA7700E7A311 /* Localizable.strings in Resources */ = {isa = PBXBuildFile; fileRef = 2CC235681AF5EA7700E7A311 /* Localizable.strings */; };
		2CC235961AF7413600E7A311 /* Validate.swift in Sources */ = {isa = PBXBuildFile; fileRef = 2CC235951AF7413600E7A311 /* Validate.swift */; };
		2CC4EAE01B018E5800C7EFAF /* Default-568h@2x.png in Resources */ = {isa = PBXBuildFile; fileRef = 2CC4EADF1B018E5800C7EFAF /* Default-568h@2x.png */; };
		2CC4EAE61B01900800C7EFAF /* Default-iPhone6.png in Resources */ = {isa = PBXBuildFile; fileRef = 2CC4EAE11B01900800C7EFAF /* Default-iPhone6.png */; };
		2CC4EAE71B01900800C7EFAF /* Default-iPhone6Plus.png in Resources */ = {isa = PBXBuildFile; fileRef = 2CC4EAE21B01900800C7EFAF /* Default-iPhone6Plus.png */; };
		2CC4EAE81B01900800C7EFAF /* Default-Portrait@2x~ipad.png in Resources */ = {isa = PBXBuildFile; fileRef = 2CC4EAE31B01900800C7EFAF /* Default-Portrait@2x~ipad.png */; };
		2CC4EAE91B01900800C7EFAF /* Default-Portrait~ipad.png in Resources */ = {isa = PBXBuildFile; fileRef = 2CC4EAE41B01900800C7EFAF /* Default-Portrait~ipad.png */; };
		2CC4EAEA1B01900800C7EFAF /* Default@2x.png in Resources */ = {isa = PBXBuildFile; fileRef = 2CC4EAE51B01900800C7EFAF /* Default@2x.png */; };
		2CD9ABE51ADF6CE8008EF86F /* HistoryTableViewController.swift in Sources */ = {isa = PBXBuildFile; fileRef = 2CD9ABE41ADF6CE8008EF86F /* HistoryTableViewController.swift */; };
/* End PBXBuildFile section */

/* Begin PBXContainerItemProxy section */
		2C97224D1ADBE9D8008D1671 /* PBXContainerItemProxy */ = {
			isa = PBXContainerItemProxy;
			containerPortal = 2C97222F1ADBE9D8008D1671 /* Project object */;
			proxyType = 1;
			remoteGlobalIDString = 2C9722361ADBE9D8008D1671;
			remoteInfo = PomoTimerBeginner;
		};
/* End PBXContainerItemProxy section */

/* Begin PBXCopyFilesBuildPhase section */
		2CC235941AF71E1C00E7A311 /* Embed App Extensions */ = {
			isa = PBXCopyFilesBuildPhase;
			buildActionMask = 2147483647;
			dstPath = "";
			dstSubfolderSpec = 13;
			files = (
			);
			name = "Embed App Extensions";
			runOnlyForDeploymentPostprocessing = 0;
		};
/* End PBXCopyFilesBuildPhase section */

/* Begin PBXFileReference section */
		2C772EB01AE141D000974536 /* Settings.bundle */ = {isa = PBXFileReference; lastKnownFileType = "wrapper.plug-in"; name = Settings.bundle; path = PomoTimerBeginner/Settings.bundle; sourceTree = "<group>"; };
		2C772EB21AE34E4800974536 /* beep_short.aiff */ = {isa = PBXFileReference; lastKnownFileType = audio.aiff; path = beep_short.aiff; sourceTree = "<group>"; };
		2C772EB31AE34E4800974536 /* tick_fast.aiff */ = {isa = PBXFileReference; lastKnownFileType = audio.aiff; path = tick_fast.aiff; sourceTree = "<group>"; };
		2C772EB41AE34E4800974536 /* tick_hurry.aiff */ = {isa = PBXFileReference; lastKnownFileType = audio.aiff; path = tick_hurry.aiff; sourceTree = "<group>"; };
		2C772EB81AE34E8200974536 /* bell_long.aiff */ = {isa = PBXFileReference; lastKnownFileType = audio.aiff; path = bell_long.aiff; sourceTree = "<group>"; };
		2C772EB91AE34E8200974536 /* bell_moderate.aiff */ = {isa = PBXFileReference; lastKnownFileType = audio.aiff; path = bell_moderate.aiff; sourceTree = "<group>"; };
		2C772EBC1AE351F400974536 /* tick_second.aiff */ = {isa = PBXFileReference; lastKnownFileType = audio.aiff; path = tick_second.aiff; sourceTree = "<group>"; };
		2C772EBE1AE3520A00974536 /* tick_medium.aiff */ = {isa = PBXFileReference; lastKnownFileType = audio.aiff; path = tick_medium.aiff; sourceTree = "<group>"; };
		2C772EC01AE39D2F00974536 /* PomoTimerBeginner.entitlements */ = {isa = PBXFileReference; lastKnownFileType = text.xml; path = PomoTimerBeginner.entitlements; sourceTree = "<group>"; };
		2C9722371ADBE9D8008D1671 /* WatchToWork.app */ = {isa = PBXFileReference; explicitFileType = wrapper.application; includeInIndex = 0; path = WatchToWork.app; sourceTree = BUILT_PRODUCTS_DIR; };
		2C97223B1ADBE9D8008D1671 /* Info.plist */ = {isa = PBXFileReference; lastKnownFileType = text.plist.xml; path = Info.plist; sourceTree = "<group>"; };
		2C97223C1ADBE9D8008D1671 /* AppDelegate.swift */ = {isa = PBXFileReference; lastKnownFileType = sourcecode.swift; path = AppDelegate.swift; sourceTree = "<group>"; };
		2C97223E1ADBE9D8008D1671 /* TaskViewController.swift */ = {isa = PBXFileReference; lastKnownFileType = sourcecode.swift; path = TaskViewController.swift; sourceTree = "<group>"; };
		2C9722411ADBE9D8008D1671 /* Base */ = {isa = PBXFileReference; lastKnownFileType = file.storyboard; name = Base; path = Base.lproj/Main.storyboard; sourceTree = "<group>"; };
		2C9722431ADBE9D8008D1671 /* AppImages.xcassets */ = {isa = PBXFileReference; lastKnownFileType = folder.assetcatalog; path = AppImages.xcassets; sourceTree = "<group>"; };
		2C9722461ADBE9D8008D1671 /* Base */ = {isa = PBXFileReference; lastKnownFileType = file.xib; name = Base; path = Base.lproj/LaunchScreen.xib; sourceTree = "<group>"; };
		2C97224C1ADBE9D8008D1671 /* PomoTimerTests.xctest */ = {isa = PBXFileReference; explicitFileType = wrapper.cfbundle; includeInIndex = 0; path = PomoTimerTests.xctest; sourceTree = BUILT_PRODUCTS_DIR; };
		2C9722511ADBE9D8008D1671 /* Info.plist */ = {isa = PBXFileReference; lastKnownFileType = text.plist.xml; path = Info.plist; sourceTree = "<group>"; };
		2C9722521ADBE9D8008D1671 /* PomoTimerBeginnerTests.swift */ = {isa = PBXFileReference; lastKnownFileType = sourcecode.swift; path = PomoTimerBeginnerTests.swift; sourceTree = "<group>"; };
		2C97225C1ADBEAB0008D1671 /* Pomodoro.swift */ = {isa = PBXFileReference; fileEncoding = 4; lastKnownFileType = sourcecode.swift; path = Pomodoro.swift; sourceTree = "<group>"; };
		2C97225E1ADCCCA1008D1671 /* RoundButton.swift */ = {isa = PBXFileReference; fileEncoding = 4; lastKnownFileType = sourcecode.swift; path = RoundButton.swift; sourceTree = "<group>"; };
		2C97AD8D1AF4F14300C86819 /* Base */ = {isa = PBXFileReference; lastKnownFileType = file.xib; name = Base; path = Base.lproj/CustomViews.xib; sourceTree = "<group>"; };
		2CB40E901AF9F1FF00944B1C /* SettingsTableViewController.swift */ = {isa = PBXFileReference; fileEncoding = 4; lastKnownFileType = sourcecode.swift; path = SettingsTableViewController.swift; sourceTree = "<group>"; };
		2CB40E931AFA312700944B1C /* ko */ = {isa = PBXFileReference; lastKnownFileType = text.plist.strings; name = ko; path = ko.lproj/Main.strings; sourceTree = "<group>"; };
		2CB40E941AFA36C600944B1C /* Constants.swift */ = {isa = PBXFileReference; fileEncoding = 4; lastKnownFileType = sourcecode.swift; path = Constants.swift; sourceTree = "<group>"; };
		2CB40E961AFA3BEE00944B1C /* tick_break.caf */ = {isa = PBXFileReference; lastKnownFileType = file; path = tick_break.caf; sourceTree = "<group>"; };
		2CC235661AF5E91B00E7A311 /* ko */ = {isa = PBXFileReference; lastKnownFileType = text.plist.strings; name = ko; path = ko.lproj/CustomViews.strings; sourceTree = "<group>"; };
		2CC235671AF5E91B00E7A311 /* ko */ = {isa = PBXFileReference; lastKnownFileType = text.plist.strings; name = ko; path = ko.lproj/LaunchScreen.strings; sourceTree = "<group>"; };
		2CC235691AF5EA7700E7A311 /* Base */ = {isa = PBXFileReference; lastKnownFileType = text.plist.strings; name = Base; path = Base.lproj/Localizable.strings; sourceTree = "<group>"; };
		2CC2356B1AF5EA9500E7A311 /* ko */ = {isa = PBXFileReference; lastKnownFileType = text.plist.strings; name = ko; path = ko.lproj/Localizable.strings; sourceTree = "<group>"; };
		2CC235731AF71E1C00E7A311 /* Info.plist */ = {isa = PBXFileReference; lastKnownFileType = text.plist.xml; path = Info.plist; sourceTree = "<group>"; };
		2CC235741AF71E1C00E7A311 /* PushNotificationPayload.apns */ = {isa = PBXFileReference; lastKnownFileType = text; path = PushNotificationPayload.apns; sourceTree = "<group>"; };
		2CC235751AF71E1C00E7A311 /* InterfaceController.swift */ = {isa = PBXFileReference; lastKnownFileType = sourcecode.swift; path = InterfaceController.swift; sourceTree = "<group>"; };
		2CC235771AF71E1C00E7A311 /* NotificationController.swift */ = {isa = PBXFileReference; lastKnownFileType = sourcecode.swift; path = NotificationController.swift; sourceTree = "<group>"; };
		2CC235791AF71E1C00E7A311 /* GlanceController.swift */ = {isa = PBXFileReference; lastKnownFileType = sourcecode.swift; path = GlanceController.swift; sourceTree = "<group>"; };
		2CC2357B1AF71E1C00E7A311 /* WatchExtensionImages.xcassets */ = {isa = PBXFileReference; lastKnownFileType = folder.assetcatalog; path = WatchExtensionImages.xcassets; sourceTree = "<group>"; };
		2CC235851AF71E1C00E7A311 /* Info.plist */ = {isa = PBXFileReference; lastKnownFileType = text.plist.xml; path = Info.plist; sourceTree = "<group>"; };
		2CC235871AF71E1C00E7A311 /* Base */ = {isa = PBXFileReference; lastKnownFileType = file.storyboard; name = Base; path = Base.lproj/Interface.storyboard; sourceTree = "<group>"; };
		2CC235891AF71E1C00E7A311 /* WatchAppImages.xcassets */ = {isa = PBXFileReference; lastKnownFileType = folder.assetcatalog; path = WatchAppImages.xcassets; sourceTree = "<group>"; };
		2CC235951AF7413600E7A311 /* Validate.swift */ = {isa = PBXFileReference; fileEncoding = 4; lastKnownFileType = sourcecode.swift; path = Validate.swift; sourceTree = "<group>"; };
		2CC4EADF1B018E5800C7EFAF /* Default-568h@2x.png */ = {isa = PBXFileReference; lastKnownFileType = image.png; path = "Default-568h@2x.png"; sourceTree = "<group>"; };
		2CC4EAE11B01900800C7EFAF /* Default-iPhone6.png */ = {isa = PBXFileReference; lastKnownFileType = image.png; path = "Default-iPhone6.png"; sourceTree = "<group>"; };
		2CC4EAE21B01900800C7EFAF /* Default-iPhone6Plus.png */ = {isa = PBXFileReference; lastKnownFileType = image.png; path = "Default-iPhone6Plus.png"; sourceTree = "<group>"; };
		2CC4EAE31B01900800C7EFAF /* Default-Portrait@2x~ipad.png */ = {isa = PBXFileReference; lastKnownFileType = image.png; path = "Default-Portrait@2x~ipad.png"; sourceTree = "<group>"; };
		2CC4EAE41B01900800C7EFAF /* Default-Portrait~ipad.png */ = {isa = PBXFileReference; lastKnownFileType = image.png; path = "Default-Portrait~ipad.png"; sourceTree = "<group>"; };
		2CC4EAE51B01900800C7EFAF /* Default@2x.png */ = {isa = PBXFileReference; lastKnownFileType = image.png; path = "Default@2x.png"; sourceTree = "<group>"; };
		2CD9ABE41ADF6CE8008EF86F /* HistoryTableViewController.swift */ = {isa = PBXFileReference; fileEncoding = 4; lastKnownFileType = sourcecode.swift; path = HistoryTableViewController.swift; sourceTree = "<group>"; };
/* End PBXFileReference section */

/* Begin PBXFrameworksBuildPhase section */
		2C9722341ADBE9D8008D1671 /* Frameworks */ = {
			isa = PBXFrameworksBuildPhase;
			buildActionMask = 2147483647;
			files = (
			);
			runOnlyForDeploymentPostprocessing = 0;
		};
		2C9722491ADBE9D8008D1671 /* Frameworks */ = {
			isa = PBXFrameworksBuildPhase;
			buildActionMask = 2147483647;
			files = (
			);
			runOnlyForDeploymentPostprocessing = 0;
		};
/* End PBXFrameworksBuildPhase section */

/* Begin PBXGroup section */
		2C97222E1ADBE9D8008D1671 = {
			isa = PBXGroup;
			children = (
				2C772EB01AE141D000974536 /* Settings.bundle */,
				2C9722391ADBE9D8008D1671 /* PomoTimerBeginner */,
				2C97224F1ADBE9D8008D1671 /* PomoTimerBeginnerTests */,
				2CC235711AF71E1C00E7A311 /* WatchToWork WatchKit Extension */,
				2CC235831AF71E1C00E7A311 /* WatchToWork WatchKit App */,
				2C9722381ADBE9D8008D1671 /* Products */,
			);
			sourceTree = "<group>";
		};
		2C9722381ADBE9D8008D1671 /* Products */ = {
			isa = PBXGroup;
			children = (
				2C9722371ADBE9D8008D1671 /* WatchToWork.app */,
				2C97224C1ADBE9D8008D1671 /* PomoTimerTests.xctest */,
			);
			name = Products;
			sourceTree = "<group>";
		};
		2C9722391ADBE9D8008D1671 /* PomoTimerBeginner */ = {
			isa = PBXGroup;
			children = (
				2C772EC01AE39D2F00974536 /* PomoTimerBeginner.entitlements */,
				2C97223C1ADBE9D8008D1671 /* AppDelegate.swift */,
				2C97223E1ADBE9D8008D1671 /* TaskViewController.swift */,
				2CD9ABE41ADF6CE8008EF86F /* HistoryTableViewController.swift */,
				2CB40E901AF9F1FF00944B1C /* SettingsTableViewController.swift */,
				2CC235951AF7413600E7A311 /* Validate.swift */,
				2CB40E941AFA36C600944B1C /* Constants.swift */,
				2C97225C1ADBEAB0008D1671 /* Pomodoro.swift */,
				2C97225E1ADCCCA1008D1671 /* RoundButton.swift */,
				2CC235681AF5EA7700E7A311 /* Localizable.strings */,
				2C9722401ADBE9D8008D1671 /* Main.storyboard */,
				2C97AD8C1AF4F14300C86819 /* CustomViews.xib */,
				2C9722431ADBE9D8008D1671 /* AppImages.xcassets */,
				2C9722451ADBE9D8008D1671 /* LaunchScreen.xib */,
				2C97223A1ADBE9D8008D1671 /* Supporting Files */,
			);
			path = PomoTimerBeginner;
			sourceTree = "<group>";
		};
		2C97223A1ADBE9D8008D1671 /* Supporting Files */ = {
			isa = PBXGroup;
			children = (
				2CC4EADF1B018E5800C7EFAF /* Default-568h@2x.png */,
				2CC4EAE11B01900800C7EFAF /* Default-iPhone6.png */,
				2CC4EAE21B01900800C7EFAF /* Default-iPhone6Plus.png */,
				2CC4EAE31B01900800C7EFAF /* Default-Portrait@2x~ipad.png */,
				2CC4EAE41B01900800C7EFAF /* Default-Portrait~ipad.png */,
				2CC4EAE51B01900800C7EFAF /* Default@2x.png */,
				2C772EB21AE34E4800974536 /* beep_short.aiff */,
				2C772EBC1AE351F400974536 /* tick_second.aiff */,
				2CB40E961AFA3BEE00944B1C /* tick_break.caf */,
				2C772EB31AE34E4800974536 /* tick_fast.aiff */,
				2C772EB41AE34E4800974536 /* tick_hurry.aiff */,
				2C772EBE1AE3520A00974536 /* tick_medium.aiff */,
				2C772EB81AE34E8200974536 /* bell_long.aiff */,
				2C772EB91AE34E8200974536 /* bell_moderate.aiff */,
				2C97223B1ADBE9D8008D1671 /* Info.plist */,
			);
			name = "Supporting Files";
			sourceTree = "<group>";
		};
		2C97224F1ADBE9D8008D1671 /* PomoTimerBeginnerTests */ = {
			isa = PBXGroup;
			children = (
				2C9722521ADBE9D8008D1671 /* PomoTimerBeginnerTests.swift */,
				2C9722501ADBE9D8008D1671 /* Supporting Files */,
			);
			path = PomoTimerBeginnerTests;
			sourceTree = "<group>";
		};
		2C9722501ADBE9D8008D1671 /* Supporting Files */ = {
			isa = PBXGroup;
			children = (
				2C9722511ADBE9D8008D1671 /* Info.plist */,
			);
			name = "Supporting Files";
			sourceTree = "<group>";
		};
		2CC235711AF71E1C00E7A311 /* WatchToWork WatchKit Extension */ = {
			isa = PBXGroup;
			children = (
				2CC235751AF71E1C00E7A311 /* InterfaceController.swift */,
				2CC235771AF71E1C00E7A311 /* NotificationController.swift */,
				2CC235791AF71E1C00E7A311 /* GlanceController.swift */,
				2CC2357B1AF71E1C00E7A311 /* WatchExtensionImages.xcassets */,
				2CC235721AF71E1C00E7A311 /* Supporting Files */,
			);
			path = "WatchToWork WatchKit Extension";
			sourceTree = "<group>";
		};
		2CC235721AF71E1C00E7A311 /* Supporting Files */ = {
			isa = PBXGroup;
			children = (
				2CC235731AF71E1C00E7A311 /* Info.plist */,
				2CC235741AF71E1C00E7A311 /* PushNotificationPayload.apns */,
			);
			name = "Supporting Files";
			sourceTree = "<group>";
		};
		2CC235831AF71E1C00E7A311 /* WatchToWork WatchKit App */ = {
			isa = PBXGroup;
			children = (
				2CC235861AF71E1C00E7A311 /* Interface.storyboard */,
				2CC235891AF71E1C00E7A311 /* WatchAppImages.xcassets */,
				2CC235841AF71E1C00E7A311 /* Supporting Files */,
			);
			path = "WatchToWork WatchKit App";
			sourceTree = "<group>";
		};
		2CC235841AF71E1C00E7A311 /* Supporting Files */ = {
			isa = PBXGroup;
			children = (
				2CC235851AF71E1C00E7A311 /* Info.plist */,
			);
			name = "Supporting Files";
			sourceTree = "<group>";
		};
/* End PBXGroup section */

/* Begin PBXNativeTarget section */
		2C9722361ADBE9D8008D1671 /* WatchToWork */ = {
			isa = PBXNativeTarget;
			buildConfigurationList = 2C9722561ADBE9D8008D1671 /* Build configuration list for PBXNativeTarget "WatchToWork" */;
			buildPhases = (
				2C9722331ADBE9D8008D1671 /* Sources */,
				2C9722341ADBE9D8008D1671 /* Frameworks */,
				2C9722351ADBE9D8008D1671 /* Resources */,
				2CC235941AF71E1C00E7A311 /* Embed App Extensions */,
			);
			buildRules = (
			);
			dependencies = (
			);
			name = WatchToWork;
			productName = PomoTimerBeginner;
			productReference = 2C9722371ADBE9D8008D1671 /* WatchToWork.app */;
			productType = "com.apple.product-type.application";
		};
		2C97224B1ADBE9D8008D1671 /* PomoTimerTests */ = {
			isa = PBXNativeTarget;
			buildConfigurationList = 2C9722591ADBE9D8008D1671 /* Build configuration list for PBXNativeTarget "PomoTimerTests" */;
			buildPhases = (
				2C9722481ADBE9D8008D1671 /* Sources */,
				2C9722491ADBE9D8008D1671 /* Frameworks */,
				2C97224A1ADBE9D8008D1671 /* Resources */,
			);
			buildRules = (
			);
			dependencies = (
				2C97224E1ADBE9D8008D1671 /* PBXTargetDependency */,
			);
			name = PomoTimerTests;
			productName = PomoTimerBeginnerTests;
			productReference = 2C97224C1ADBE9D8008D1671 /* PomoTimerTests.xctest */;
			productType = "com.apple.product-type.bundle.unit-test";
		};
/* End PBXNativeTarget section */

/* Begin PBXProject section */
		2C97222F1ADBE9D8008D1671 /* Project object */ = {
			isa = PBXProject;
			attributes = {
				LastSwiftUpdateCheck = 0700;
				LastUpgradeCheck = 0620;
				ORGANIZATIONNAME = Lingostar;
				TargetAttributes = {
					2C9722361ADBE9D8008D1671 = {
						CreatedOnToolsVersion = 6.2;
						DevelopmentTeam = 4QG3GC35LA;
						SystemCapabilities = {
							com.apple.BackgroundModes = {
								enabled = 1;
							};
							com.apple.iCloud = {
								enabled = 1;
							};
						};
					};
					2C97224B1ADBE9D8008D1671 = {
						CreatedOnToolsVersion = 6.2;
						TestTargetID = 2C9722361ADBE9D8008D1671;
					};
				};
			};
			buildConfigurationList = 2C9722321ADBE9D8008D1671 /* Build configuration list for PBXProject "PomoTimerBeginner" */;
			compatibilityVersion = "Xcode 3.2";
			developmentRegion = English;
			hasScannedForEncodings = 0;
			knownRegions = (
				en,
				Base,
				ko,
			);
			mainGroup = 2C97222E1ADBE9D8008D1671;
			productRefGroup = 2C9722381ADBE9D8008D1671 /* Products */;
			projectDirPath = "";
			projectRoot = "";
			targets = (
				2C9722361ADBE9D8008D1671 /* WatchToWork */,
				2C97224B1ADBE9D8008D1671 /* PomoTimerTests */,
			);
		};
/* End PBXProject section */

/* Begin PBXResourcesBuildPhase section */
		2C9722351ADBE9D8008D1671 /* Resources */ = {
			isa = PBXResourcesBuildPhase;
			buildActionMask = 2147483647;
			files = (
				2C772EBA1AE34E8200974536 /* bell_long.aiff in Resources */,
				2CC4EAE61B01900800C7EFAF /* Default-iPhone6.png in Resources */,
				2CB40E971AFA3BEE00944B1C /* tick_break.caf in Resources */,
				2C97AD8E1AF4F14300C86819 /* CustomViews.xib in Resources */,
				2C772EB71AE34E4800974536 /* tick_hurry.aiff in Resources */,
				2CC4EAE71B01900800C7EFAF /* Default-iPhone6Plus.png in Resources */,
				2C772EB11AE141D000974536 /* Settings.bundle in Resources */,
				2C772EB51AE34E4800974536 /* beep_short.aiff in Resources */,
				2C772EBD1AE351F400974536 /* tick_second.aiff in Resources */,
				2C772EB61AE34E4800974536 /* tick_fast.aiff in Resources */,
				2CC4EAE01B018E5800C7EFAF /* Default-568h@2x.png in Resources */,
				2C772EBB1AE34E8200974536 /* bell_moderate.aiff in Resources */,
				2CC4EAEA1B01900800C7EFAF /* Default@2x.png in Resources */,
				2CC4EAE81B01900800C7EFAF /* Default-Portrait@2x~ipad.png in Resources */,
				2C772EBF1AE3520A00974536 /* tick_medium.aiff in Resources */,
				2CC4EAE91B01900800C7EFAF /* Default-Portrait~ipad.png in Resources */,
				2C9722421ADBE9D8008D1671 /* Main.storyboard in Resources */,
				2CC2356A1AF5EA7700E7A311 /* Localizable.strings in Resources */,
				2C9722471ADBE9D8008D1671 /* LaunchScreen.xib in Resources */,
				2C9722441ADBE9D8008D1671 /* AppImages.xcassets in Resources */,
			);
			runOnlyForDeploymentPostprocessing = 0;
		};
		2C97224A1ADBE9D8008D1671 /* Resources */ = {
			isa = PBXResourcesBuildPhase;
			buildActionMask = 2147483647;
			files = (
			);
			runOnlyForDeploymentPostprocessing = 0;
		};
/* End PBXResourcesBuildPhase section */

/* Begin PBXSourcesBuildPhase section */
		2C9722331ADBE9D8008D1671 /* Sources */ = {
			isa = PBXSourcesBuildPhase;
			buildActionMask = 2147483647;
			files = (
				2C97225F1ADCCCA1008D1671 /* RoundButton.swift in Sources */,
				2C97223F1ADBE9D8008D1671 /* TaskViewController.swift in Sources */,
				2C97225D1ADBEAB0008D1671 /* Pomodoro.swift in Sources */,
				2CC235961AF7413600E7A311 /* Validate.swift in Sources */,
				2C97223D1ADBE9D8008D1671 /* AppDelegate.swift in Sources */,
				2CD9ABE51ADF6CE8008EF86F /* HistoryTableViewController.swift in Sources */,
				2CB40E911AF9F1FF00944B1C /* SettingsTableViewController.swift in Sources */,
				2CB40E951AFA36C600944B1C /* Constants.swift in Sources */,
			);
			runOnlyForDeploymentPostprocessing = 0;
		};
		2C9722481ADBE9D8008D1671 /* Sources */ = {
			isa = PBXSourcesBuildPhase;
			buildActionMask = 2147483647;
			files = (
				2C9722531ADBE9D8008D1671 /* PomoTimerBeginnerTests.swift in Sources */,
			);
			runOnlyForDeploymentPostprocessing = 0;
		};
/* End PBXSourcesBuildPhase section */

/* Begin PBXTargetDependency section */
		2C97224E1ADBE9D8008D1671 /* PBXTargetDependency */ = {
			isa = PBXTargetDependency;
			target = 2C9722361ADBE9D8008D1671 /* WatchToWork */;
			targetProxy = 2C97224D1ADBE9D8008D1671 /* PBXContainerItemProxy */;
		};
/* End PBXTargetDependency section */

/* Begin PBXVariantGroup section */
		2C9722401ADBE9D8008D1671 /* Main.storyboard */ = {
			isa = PBXVariantGroup;
			children = (
				2C9722411ADBE9D8008D1671 /* Base */,
				2CB40E931AFA312700944B1C /* ko */,
			);
			name = Main.storyboard;
			sourceTree = "<group>";
		};
		2C9722451ADBE9D8008D1671 /* LaunchScreen.xib */ = {
			isa = PBXVariantGroup;
			children = (
				2C9722461ADBE9D8008D1671 /* Base */,
				2CC235671AF5E91B00E7A311 /* ko */,
			);
			name = LaunchScreen.xib;
			sourceTree = "<group>";
		};
		2C97AD8C1AF4F14300C86819 /* CustomViews.xib */ = {
			isa = PBXVariantGroup;
			children = (
				2C97AD8D1AF4F14300C86819 /* Base */,
				2CC235661AF5E91B00E7A311 /* ko */,
			);
			name = CustomViews.xib;
			sourceTree = "<group>";
		};
		2CC235681AF5EA7700E7A311 /* Localizable.strings */ = {
			isa = PBXVariantGroup;
			children = (
				2CC235691AF5EA7700E7A311 /* Base */,
				2CC2356B1AF5EA9500E7A311 /* ko */,
			);
			name = Localizable.strings;
			sourceTree = "<group>";
		};
		2CC235861AF71E1C00E7A311 /* Interface.storyboard */ = {
			isa = PBXVariantGroup;
			children = (
				2CC235871AF71E1C00E7A311 /* Base */,
			);
			name = Interface.storyboard;
			sourceTree = "<group>";
		};
/* End PBXVariantGroup section */

/* Begin XCBuildConfiguration section */
		2C9722541ADBE9D8008D1671 /* Debug */ = {
			isa = XCBuildConfiguration;
			buildSettings = {
				ALWAYS_SEARCH_USER_PATHS = NO;
				CLANG_CXX_LANGUAGE_STANDARD = "gnu++0x";
				CLANG_CXX_LIBRARY = "libc++";
				CLANG_ENABLE_MODULES = YES;
				CLANG_ENABLE_OBJC_ARC = YES;
				CLANG_WARN_BOOL_CONVERSION = YES;
				CLANG_WARN_CONSTANT_CONVERSION = YES;
				CLANG_WARN_DIRECT_OBJC_ISA_USAGE = YES_ERROR;
				CLANG_WARN_EMPTY_BODY = YES;
				CLANG_WARN_ENUM_CONVERSION = YES;
				CLANG_WARN_INT_CONVERSION = YES;
				CLANG_WARN_OBJC_ROOT_CLASS = YES_ERROR;
				CLANG_WARN_UNREACHABLE_CODE = YES;
				CLANG_WARN__DUPLICATE_METHOD_MATCH = YES;
				"CODE_SIGN_IDENTITY[sdk=iphoneos*]" = "iPhone Developer";
				COPY_PHASE_STRIP = NO;
				ENABLE_STRICT_OBJC_MSGSEND = YES;
				GCC_C_LANGUAGE_STANDARD = gnu99;
				GCC_DYNAMIC_NO_PIC = NO;
				GCC_OPTIMIZATION_LEVEL = 0;
				GCC_PREPROCESSOR_DEFINITIONS = (
					"DEBUG=1",
					"$(inherited)",
				);
				GCC_SYMBOLS_PRIVATE_EXTERN = NO;
				GCC_WARN_64_TO_32_BIT_CONVERSION = YES;
				GCC_WARN_ABOUT_RETURN_TYPE = YES_ERROR;
				GCC_WARN_UNDECLARED_SELECTOR = YES;
				GCC_WARN_UNINITIALIZED_AUTOS = YES_AGGRESSIVE;
				GCC_WARN_UNUSED_FUNCTION = YES;
				GCC_WARN_UNUSED_VARIABLE = YES;
				IPHONEOS_DEPLOYMENT_TARGET = 8.0;
				MTL_ENABLE_DEBUG_INFO = YES;
				ONLY_ACTIVE_ARCH = YES;
				SDKROOT = iphoneos;
				SWIFT_OPTIMIZATION_LEVEL = "-Onone";
				TARGETED_DEVICE_FAMILY = "1,2";
			};
			name = Debug;
		};
		2C9722551ADBE9D8008D1671 /* Release */ = {
			isa = XCBuildConfiguration;
			buildSettings = {
				ALWAYS_SEARCH_USER_PATHS = NO;
				CLANG_CXX_LANGUAGE_STANDARD = "gnu++0x";
				CLANG_CXX_LIBRARY = "libc++";
				CLANG_ENABLE_MODULES = YES;
				CLANG_ENABLE_OBJC_ARC = YES;
				CLANG_WARN_BOOL_CONVERSION = YES;
				CLANG_WARN_CONSTANT_CONVERSION = YES;
				CLANG_WARN_DIRECT_OBJC_ISA_USAGE = YES_ERROR;
				CLANG_WARN_EMPTY_BODY = YES;
				CLANG_WARN_ENUM_CONVERSION = YES;
				CLANG_WARN_INT_CONVERSION = YES;
				CLANG_WARN_OBJC_ROOT_CLASS = YES_ERROR;
				CLANG_WARN_UNREACHABLE_CODE = YES;
				CLANG_WARN__DUPLICATE_METHOD_MATCH = YES;
				"CODE_SIGN_IDENTITY[sdk=iphoneos*]" = "iPhone Developer";
				COPY_PHASE_STRIP = NO;
				ENABLE_NS_ASSERTIONS = NO;
				ENABLE_STRICT_OBJC_MSGSEND = YES;
				GCC_C_LANGUAGE_STANDARD = gnu99;
				GCC_WARN_64_TO_32_BIT_CONVERSION = YES;
				GCC_WARN_ABOUT_RETURN_TYPE = YES_ERROR;
				GCC_WARN_UNDECLARED_SELECTOR = YES;
				GCC_WARN_UNINITIALIZED_AUTOS = YES_AGGRESSIVE;
				GCC_WARN_UNUSED_FUNCTION = YES;
				GCC_WARN_UNUSED_VARIABLE = YES;
				IPHONEOS_DEPLOYMENT_TARGET = 8.0;
				MTL_ENABLE_DEBUG_INFO = NO;
				SDKROOT = iphoneos;
				TARGETED_DEVICE_FAMILY = "1,2";
				VALIDATE_PRODUCT = YES;
				VALID_ARCHS = "arm64 armv7 armv7s i386";
			};
			name = Release;
		};
		2C9722571ADBE9D8008D1671 /* Debug */ = {
			isa = XCBuildConfiguration;
			buildSettings = {
				ASSETCATALOG_COMPILER_APPICON_NAME = AppIcon;
				ASSETCATALOG_COMPILER_LAUNCHIMAGE_NAME = LaunchImage;
				CODE_SIGN_ENTITLEMENTS = PomoTimerBeginner/PomoTimerBeginner.entitlements;
				CODE_SIGN_IDENTITY = "iPhone Developer";
				"CODE_SIGN_IDENTITY[sdk=iphoneos*]" = "iPhone Developer";
				INFOPLIST_FILE = PomoTimerBeginner/Info.plist;
				IPHONEOS_DEPLOYMENT_TARGET = 8.2;
				LD_RUNPATH_SEARCH_PATHS = "$(inherited) @executable_path/Frameworks";
				PRODUCT_NAME = "$(TARGET_NAME)";
				PROVISIONING_PROFILE = "";
			};
			name = Debug;
		};
		2C9722581ADBE9D8008D1671 /* Release */ = {
			isa = XCBuildConfiguration;
			buildSettings = {
				ASSETCATALOG_COMPILER_APPICON_NAME = AppIcon;
				ASSETCATALOG_COMPILER_LAUNCHIMAGE_NAME = LaunchImage;
				CODE_SIGN_ENTITLEMENTS = PomoTimerBeginner/PomoTimerBeginner.entitlements;
				CODE_SIGN_IDENTITY = "iPhone Developer";
				"CODE_SIGN_IDENTITY[sdk=iphoneos*]" = "iPhone Developer";
				INFOPLIST_FILE = PomoTimerBeginner/Info.plist;
				IPHONEOS_DEPLOYMENT_TARGET = 8.2;
				LD_RUNPATH_SEARCH_PATHS = "$(inherited) @executable_path/Frameworks";
				PRODUCT_NAME = "$(TARGET_NAME)";
				PROVISIONING_PROFILE = "";
			};
			name = Release;
		};
		2C97225A1ADBE9D8008D1671 /* Debug */ = {
			isa = XCBuildConfiguration;
			buildSettings = {
				BUNDLE_LOADER = "$(TEST_HOST)";
				FRAMEWORK_SEARCH_PATHS = (
					"$(SDKROOT)/Developer/Library/Frameworks",
					"$(inherited)",
				);
				GCC_PREPROCESSOR_DEFINITIONS = (
					"DEBUG=1",
					"$(inherited)",
				);
				INFOPLIST_FILE = PomoTimerBeginnerTests/Info.plist;
				LD_RUNPATH_SEARCH_PATHS = "$(inherited) @executable_path/Frameworks @loader_path/Frameworks";
				PRODUCT_NAME = PomoTimerTests;
				TEST_HOST = "$(BUILT_PRODUCTS_DIR)/PomoTimerBeginner.app/PomoTimerBeginner";
			};
			name = Debug;
		};
		2C97225B1ADBE9D8008D1671 /* Release */ = {
			isa = XCBuildConfiguration;
			buildSettings = {
				BUNDLE_LOADER = "$(TEST_HOST)";
				FRAMEWORK_SEARCH_PATHS = (
					"$(SDKROOT)/Developer/Library/Frameworks",
					"$(inherited)",
				);
				INFOPLIST_FILE = PomoTimerBeginnerTests/Info.plist;
				LD_RUNPATH_SEARCH_PATHS = "$(inherited) @executable_path/Frameworks @loader_path/Frameworks";
				PRODUCT_NAME = PomoTimerTests;
				TEST_HOST = "$(BUILT_PRODUCTS_DIR)/PomoTimerBeginner.app/PomoTimerBeginner";
			};
			name = Release;
		};
/* End XCBuildConfiguration section */

/* Begin XCConfigurationList section */
		2C9722321ADBE9D8008D1671 /* Build configuration list for PBXProject "PomoTimerBeginner" */ = {
			isa = XCConfigurationList;
			buildConfigurations = (
				2C9722541ADBE9D8008D1671 /* Debug */,
				2C9722551ADBE9D8008D1671 /* Release */,
			);
			defaultConfigurationIsVisible = 0;
			defaultConfigurationName = Release;
		};
		2C9722561ADBE9D8008D1671 /* Build configuration list for PBXNativeTarget "WatchToWork" */ = {
			isa = XCConfigurationList;
			buildConfigurations = (
				2C9722571ADBE9D8008D1671 /* Debug */,
				2C9722581ADBE9D8008D1671 /* Release */,
			);
			defaultConfigurationIsVisible = 0;
			defaultConfigurationName = Release;
		};
		2C9722591ADBE9D8008D1671 /* Build configuration list for PBXNativeTarget "PomoTimerTests" */ = {
			isa = XCConfigurationList;
			buildConfigurations = (
				2C97225A1ADBE9D8008D1671 /* Debug */,
				2C97225B1ADBE9D8008D1671 /* Release */,
			);
			defaultConfigurationIsVisible = 0;
			defaultConfigurationName = Release;
		};
/* End XCConfigurationList section */
	};
	rootObject = 2C97222F1ADBE9D8008D1671 /* Project object */;
}
